
Microsoft Visual Studio Solution File, Format Version 12.00
# Visual Studio Version 17
VisualStudioVersion = 17.11.35222.181
MinimumVisualStudioVersion = 10.0.40219.1
Project("{9A19103F-16F7-4668-BE54-9A1E7A4F7556}") = "InstallerApp", "InstallerApp\InstallerApp.csproj", "{7EBDFCEF-6C28-4099-B223-BE7325E0CA28}"
EndProject
Project("{9A19103F-16F7-4668-BE54-9A1E7A4F7556}") = "ContextInstaller", "ContextInstaller\ContextInstaller.csproj", "{4F52B57D-D43A-46EF-BC1F-A10A056A2B04}"
EndProject
Global
	GlobalSection(SolutionConfigurationPlatforms) = preSolution
		Debug|Any CPU = Debug|Any CPU
		Release|Any CPU = Release|Any CPU
	EndGlobalSection
	GlobalSection(ProjectConfigurationPlatforms) = postSolution
		{7EBDFCEF-6C28-4099-B223-BE7325E0CA28}.Debug|Any CPU.ActiveCfg = Debug|Any CPU
		{7EBDFCEF-6C28-4099-B223-BE7325E0CA28}.Debug|Any CPU.Build.0 = Debug|Any CPU
		{7EBDFCEF-6C28-4099-B223-BE7325E0CA28}.Release|Any CPU.ActiveCfg = Release|Any CPU
		{7EBDFCEF-6C28-4099-B223-BE7325E0CA28}.Release|Any CPU.Build.0 = Release|Any CPU
		{4F52B57D-D43A-46EF-BC1F-A10A056A2B04}.Debug|Any CPU.ActiveCfg = Debug|Any CPU
		{4F52B57D-D43A-46EF-BC1F-A10A056A2B04}.Debug|Any CPU.Build.0 = Debug|Any CPU
		{4F52B57D-D43A-46EF-BC1F-A10A056A2B04}.Release|Any CPU.ActiveCfg = Release|Any CPU
		{4F52B57D-D43A-46EF-BC1F-A10A056A2B04}.Release|Any CPU.Build.0 = Release|Any CPU
	EndGlobalSection
	GlobalSection(SolutionProperties) = preSolution
		HideSolutionNode = FALSE
	EndGlobalSection
	GlobalSection(ExtensibilityGlobals) = postSolution
		SolutionGuid = {D3D03593-45C2-4FB2-A424-BF033779132F}
	EndGlobalSection
EndGlobal
